{
  "name": "llama-devstack-extensible",
  "lockfileVersion": 3,
  "requires": true,
  "packages": {
    "": {
      "dependencies": {
        "tiktoken": "^1.0.21"
      }
    },
    "node_modules/tiktoken": {
      "version": "1.0.21",
      "resolved": "https://registry.npmjs.org/tiktoken/-/tiktoken-1.0.21.tgz",
      "integrity": "sha512-/kqtlepLMptX0OgbYD9aMYbM7EFrMZCL7EoHM8Psmg2FuhXoo/bH64KqOiZGGwa6oS9TPdSEDKBnV2LuB8+5vQ=="
    }
  }
}
